
Microsoft Visual Studio Solution File, Format Version 12.00
# Visual Studio Version 17
VisualStudioVersion = 17.0.31919.166
MinimumVisualStudioVersion = 10.0.40219.1
Project("{9A19103F-16F7-4668-BE54-9A1E7A4F7556}") = "KafkaDemo", "KafkaDemo\KafkaDemo.csproj", "{A80052BC-4EAC-46F7-B4E4-E63B55CA3F99}"
EndProject
Project("{9A19103F-16F7-4668-BE54-9A1E7A4F7556}") = "Consumer", "Consumer\Consumer.csproj", "{A16F4DF3-236D-4C50-A09A-11F551B3341E}"
EndProject
Project("{9A19103F-16F7-4668-BE54-9A1E7A4F7556}") = "Producer", "Producer\Producer.csproj", "{E4BE738E-9969-4527-A718-4DD4347A00AA}"
EndProject
Global
	GlobalSection(SolutionConfigurationPlatforms) = preSolution
		Debug|Any CPU = Debug|Any CPU
		Release|Any CPU = Release|Any CPU
	EndGlobalSection
	GlobalSection(ProjectConfigurationPlatforms) = postSolution
		{A80052BC-4EAC-46F7-B4E4-E63B55CA3F99}.Debug|Any CPU.ActiveCfg = Debug|Any CPU
		{A80052BC-4EAC-46F7-B4E4-E63B55CA3F99}.Debug|Any CPU.Build.0 = Debug|Any CPU
		{A80052BC-4EAC-46F7-B4E4-E63B55CA3F99}.Release|Any CPU.ActiveCfg = Release|Any CPU
		{A80052BC-4EAC-46F7-B4E4-E63B55CA3F99}.Release|Any CPU.Build.0 = Release|Any CPU
		{A16F4DF3-236D-4C50-A09A-11F551B3341E}.Debug|Any CPU.ActiveCfg = Debug|Any CPU
		{A16F4DF3-236D-4C50-A09A-11F551B3341E}.Debug|Any CPU.Build.0 = Debug|Any CPU
		{A16F4DF3-236D-4C50-A09A-11F551B3341E}.Release|Any CPU.ActiveCfg = Release|Any CPU
		{A16F4DF3-236D-4C50-A09A-11F551B3341E}.Release|Any CPU.Build.0 = Release|Any CPU
		{E4BE738E-9969-4527-A718-4DD4347A00AA}.Debug|Any CPU.ActiveCfg = Debug|Any CPU
		{E4BE738E-9969-4527-A718-4DD4347A00AA}.Debug|Any CPU.Build.0 = Debug|Any CPU
		{E4BE738E-9969-4527-A718-4DD4347A00AA}.Release|Any CPU.ActiveCfg = Release|Any CPU
		{E4BE738E-9969-4527-A718-4DD4347A00AA}.Release|Any CPU.Build.0 = Release|Any CPU
	EndGlobalSection
	GlobalSection(SolutionProperties) = preSolution
		HideSolutionNode = FALSE
	EndGlobalSection
	GlobalSection(ExtensibilityGlobals) = postSolution
		SolutionGuid = {5080803B-DF28-4455-AEA3-50589EB073A6}
	EndGlobalSection
EndGlobal
