
Microsoft Visual Studio Solution File, Format Version 12.00
# Visual Studio Version 16
VisualStudioVersion = 16.0.30114.105
MinimumVisualStudioVersion = 10.0.40219.1
Project("{9A19103F-16F7-4668-BE54-9A1E7A4F7556}") = "做控件 WPF Winform 前端绘制本质 WEB框架和组件", "做控件 WPF Winform 前端绘制本质 WEB框架和组件.csproj", "{CF61DC4E-630B-43B0-A5CF-E1FA178C7DA9}"
EndProject
Global
	GlobalSection(SolutionConfigurationPlatforms) = preSolution
		Debug|Any CPU = Debug|Any CPU
		Debug|x64 = Debug|x64
		Debug|x86 = Debug|x86
		Release|Any CPU = Release|Any CPU
		Release|x64 = Release|x64
		Release|x86 = Release|x86
	EndGlobalSection
	GlobalSection(ProjectConfigurationPlatforms) = postSolution
		{CF61DC4E-630B-43B0-A5CF-E1FA178C7DA9}.Debug|Any CPU.ActiveCfg = Debug|Any CPU
		{CF61DC4E-630B-43B0-A5CF-E1FA178C7DA9}.Debug|Any CPU.Build.0 = Debug|Any CPU
		{CF61DC4E-630B-43B0-A5CF-E1FA178C7DA9}.Debug|x64.ActiveCfg = Debug|Any CPU
		{CF61DC4E-630B-43B0-A5CF-E1FA178C7DA9}.Debug|x64.Build.0 = Debug|Any CPU
		{CF61DC4E-630B-43B0-A5CF-E1FA178C7DA9}.Debug|x86.ActiveCfg = Debug|Any CPU
		{CF61DC4E-630B-43B0-A5CF-E1FA178C7DA9}.Debug|x86.Build.0 = Debug|Any CPU
		{CF61DC4E-630B-43B0-A5CF-E1FA178C7DA9}.Release|Any CPU.ActiveCfg = Release|Any CPU
		{CF61DC4E-630B-43B0-A5CF-E1FA178C7DA9}.Release|Any CPU.Build.0 = Release|Any CPU
		{CF61DC4E-630B-43B0-A5CF-E1FA178C7DA9}.Release|x64.ActiveCfg = Release|Any CPU
		{CF61DC4E-630B-43B0-A5CF-E1FA178C7DA9}.Release|x64.Build.0 = Release|Any CPU
		{CF61DC4E-630B-43B0-A5CF-E1FA178C7DA9}.Release|x86.ActiveCfg = Release|Any CPU
		{CF61DC4E-630B-43B0-A5CF-E1FA178C7DA9}.Release|x86.Build.0 = Release|Any CPU
	EndGlobalSection
	GlobalSection(SolutionProperties) = preSolution
		HideSolutionNode = FALSE
	EndGlobalSection
	GlobalSection(ExtensibilityGlobals) = postSolution
		SolutionGuid = {C694BEB1-DE71-409D-99A6-894958A580FA}
	EndGlobalSection
EndGlobal
