
Microsoft Visual Studio Solution File, Format Version 12.00
# Visual Studio Version 16
VisualStudioVersion = 16.0.31205.134
MinimumVisualStudioVersion = 10.0.40219.1
Project("{FAE04EC0-301F-11D3-BF4B-00C04F79EFBC}") = "GithubLogin", "GithubLogin\GithubLogin.csproj", "{AAF96CD9-3985-41CD-9562-8AC3C11F5060}"
EndProject
Global
	GlobalSection(SolutionConfigurationPlatforms) = preSolution
		Debug|Any CPU = Debug|Any CPU
		Release|Any CPU = Release|Any CPU
	EndGlobalSection
	GlobalSection(ProjectConfigurationPlatforms) = postSolution
		{AAF96CD9-3985-41CD-9562-8AC3C11F5060}.Debug|Any CPU.ActiveCfg = Debug|Any CPU
		{AAF96CD9-3985-41CD-9562-8AC3C11F5060}.Debug|Any CPU.Build.0 = Debug|Any CPU
		{AAF96CD9-3985-41CD-9562-8AC3C11F5060}.Release|Any CPU.ActiveCfg = Release|Any CPU
		{AAF96CD9-3985-41CD-9562-8AC3C11F5060}.Release|Any CPU.Build.0 = Release|Any CPU
	EndGlobalSection
	GlobalSection(SolutionProperties) = preSolution
		HideSolutionNode = FALSE
	EndGlobalSection
	GlobalSection(ExtensibilityGlobals) = postSolution
		SolutionGuid = {0ABD39CC-C068-4066-90EE-74E7AE6C7CB1}
	EndGlobalSection
EndGlobal
