
Microsoft Visual Studio Solution File, Format Version 12.00
# Visual Studio Version 17
VisualStudioVersion = 17.0.31919.166
MinimumVisualStudioVersion = 10.0.40219.1
Project("{9A19103F-16F7-4668-BE54-9A1E7A4F7556}") = "SignalRChat", "SignalRChat\SignalRChat.csproj", "{EB2E5AB0-1EFF-4B3C-9B35-2EA0A461E962}"
EndProject
Project("{9A19103F-16F7-4668-BE54-9A1E7A4F7556}") = "SignalRBlazor", "SignalRBlazor\SignalRBlazor.csproj", "{403DD392-1AA2-41B0-986A-4CC960AEC268}"
EndProject
Global
	GlobalSection(SolutionConfigurationPlatforms) = preSolution
		Debug|Any CPU = Debug|Any CPU
		Release|Any CPU = Release|Any CPU
	EndGlobalSection
	GlobalSection(ProjectConfigurationPlatforms) = postSolution
		{EB2E5AB0-1EFF-4B3C-9B35-2EA0A461E962}.Debug|Any CPU.ActiveCfg = Debug|Any CPU
		{EB2E5AB0-1EFF-4B3C-9B35-2EA0A461E962}.Debug|Any CPU.Build.0 = Debug|Any CPU
		{EB2E5AB0-1EFF-4B3C-9B35-2EA0A461E962}.Release|Any CPU.ActiveCfg = Release|Any CPU
		{EB2E5AB0-1EFF-4B3C-9B35-2EA0A461E962}.Release|Any CPU.Build.0 = Release|Any CPU
		{403DD392-1AA2-41B0-986A-4CC960AEC268}.Debug|Any CPU.ActiveCfg = Debug|Any CPU
		{403DD392-1AA2-41B0-986A-4CC960AEC268}.Debug|Any CPU.Build.0 = Debug|Any CPU
		{403DD392-1AA2-41B0-986A-4CC960AEC268}.Release|Any CPU.ActiveCfg = Release|Any CPU
		{403DD392-1AA2-41B0-986A-4CC960AEC268}.Release|Any CPU.Build.0 = Release|Any CPU
	EndGlobalSection
	GlobalSection(SolutionProperties) = preSolution
		HideSolutionNode = FALSE
	EndGlobalSection
	GlobalSection(ExtensibilityGlobals) = postSolution
		SolutionGuid = {04FFB8E5-9EE0-43C9-A059-E96E23C7800A}
	EndGlobalSection
EndGlobal
