
Microsoft Visual Studio Solution File, Format Version 12.00
# Blend for Visual Studio Version 16
VisualStudioVersion = 16.0.31624.102
MinimumVisualStudioVersion = 10.0.40219.1
Project("{9A19103F-16F7-4668-BE54-9A1E7A4F7556}") = "WpfApp1", "WpfApp1\WpfApp1.csproj", "{9838EA7A-57F0-4ECE-AC6D-9055F04FDAF4}"
EndProject
Global
	GlobalSection(SolutionConfigurationPlatforms) = preSolution
		Debug|Any CPU = Debug|Any CPU
		Release|Any CPU = Release|Any CPU
	EndGlobalSection
	GlobalSection(ProjectConfigurationPlatforms) = postSolution
		{9838EA7A-57F0-4ECE-AC6D-9055F04FDAF4}.Debug|Any CPU.ActiveCfg = Debug|Any CPU
		{9838EA7A-57F0-4ECE-AC6D-9055F04FDAF4}.Debug|Any CPU.Build.0 = Debug|Any CPU
		{9838EA7A-57F0-4ECE-AC6D-9055F04FDAF4}.Release|Any CPU.ActiveCfg = Release|Any CPU
		{9838EA7A-57F0-4ECE-AC6D-9055F04FDAF4}.Release|Any CPU.Build.0 = Release|Any CPU
	EndGlobalSection
	GlobalSection(SolutionProperties) = preSolution
		HideSolutionNode = FALSE
	EndGlobalSection
	GlobalSection(ExtensibilityGlobals) = postSolution
		SolutionGuid = {87F099E9-A069-42EA-B16C-93E301059889}
	EndGlobalSection
EndGlobal
