
Microsoft Visual Studio Solution File, Format Version 12.00
# Visual Studio Version 16
VisualStudioVersion = 16.0.30413.136
MinimumVisualStudioVersion = 10.0.40219.1
Project("{9A19103F-16F7-4668-BE54-9A1E7A4F7556}") = "ZCN.NET.Common", "ZCN.NET.Common\ZCN.NET.Common.csproj", "{1AB9294C-A347-4D22-81DF-EEFA3CA0CAB3}"
EndProject
Project("{9A19103F-16F7-4668-BE54-9A1E7A4F7556}") = "ZCN.NET.CommonX", "ZCN.NET.CommonX\ZCN.NET.CommonX.csproj", "{8652FDEF-FA3D-476A-9D72-6CB51965B0CB}"
EndProject
Global
	GlobalSection(SolutionConfigurationPlatforms) = preSolution
		Debug|Any CPU = Debug|Any CPU
		Release|Any CPU = Release|Any CPU
	EndGlobalSection
	GlobalSection(ProjectConfigurationPlatforms) = postSolution
		{1AB9294C-A347-4D22-81DF-EEFA3CA0CAB3}.Debug|Any CPU.ActiveCfg = Debug|Any CPU
		{1AB9294C-A347-4D22-81DF-EEFA3CA0CAB3}.Debug|Any CPU.Build.0 = Debug|Any CPU
		{1AB9294C-A347-4D22-81DF-EEFA3CA0CAB3}.Release|Any CPU.ActiveCfg = Release|Any CPU
		{1AB9294C-A347-4D22-81DF-EEFA3CA0CAB3}.Release|Any CPU.Build.0 = Release|Any CPU
		{8652FDEF-FA3D-476A-9D72-6CB51965B0CB}.Debug|Any CPU.ActiveCfg = Debug|Any CPU
		{8652FDEF-FA3D-476A-9D72-6CB51965B0CB}.Debug|Any CPU.Build.0 = Debug|Any CPU
		{8652FDEF-FA3D-476A-9D72-6CB51965B0CB}.Release|Any CPU.ActiveCfg = Release|Any CPU
		{8652FDEF-FA3D-476A-9D72-6CB51965B0CB}.Release|Any CPU.Build.0 = Release|Any CPU
	EndGlobalSection
	GlobalSection(SolutionProperties) = preSolution
		HideSolutionNode = FALSE
	EndGlobalSection
	GlobalSection(ExtensibilityGlobals) = postSolution
		SolutionGuid = {80FE082F-E97D-48C5-928E-BD810F4AFEAA}
	EndGlobalSection
EndGlobal
